// !$*UTF8*$!
{
	archiveVersion = 1;
	classes = {
	};
	objectVersion = 51;
	objects = {

/* Begin PBXBuildFile section */
		43A0F07E63155001B70C6403 /* Pods_Post.framework in Frameworks */ = {isa = PBXBuildFile; fileRef = D0FD36E8AD700DAAEFFBC5F7 /* Pods_Post.framework */; };
		F4633178258456CD001B352A /* AppDelegate.swift in Sources */ = {isa = PBXBuildFile; fileRef = F4633177258456CD001B352A /* AppDelegate.swift */; };
		F463317A258456CD001B352A /* SceneDelegate.swift in Sources */ = {isa = PBXBuildFile; fileRef = F4633179258456CD001B352A /* SceneDelegate.swift */; };
		F463317C258456CD001B352A /* HomeVc.swift in Sources */ = {isa = PBXBuildFile; fileRef = F463317B258456CD001B352A /* HomeVc.swift */; };
		F463317F258456CD001B352A /* Main.storyboard in Resources */ = {isa = PBXBuildFile; fileRef = F463317D258456CD001B352A /* Main.storyboard */; };
		F4633181258456DE001B352A /* Assets.xcassets in Resources */ = {isa = PBXBuildFile; fileRef = F4633180258456DE001B352A /* Assets.xcassets */; };
		F4633184258456DE001B352A /* LaunchScreen.storyboard in Resources */ = {isa = PBXBuildFile; fileRef = F4633182258456DE001B352A /* LaunchScreen.storyboard */; };
		F463319125845855001B352A /* Createpost.swift in Sources */ = {isa = PBXBuildFile; fileRef = F463319025845855001B352A /* Createpost.swift */; };
		F4BD05BE258582B900A5268B /* GoogleService-Info.plist in Resources */ = {isa = PBXBuildFile; fileRef = F4BD05BD258582B900A5268B /* GoogleService-Info.plist */; };
		F4BD05C1258597D400A5268B /* TableView.swift in Sources */ = {isa = PBXBuildFile; fileRef = F4BD05C0258597D400A5268B /* TableView.swift */; };
		F4BD05C42585985900A5268B /* customeCell.swift in Sources */ = {isa = PBXBuildFile; fileRef = F4BD05C22585985800A5268B /* customeCell.swift */; };
		F4BD05C82585B15D00A5268B /* customeCell.xib in Resources */ = {isa = PBXBuildFile; fileRef = F4BD05C72585B15D00A5268B /* customeCell.xib */; };
		F4BDB9552585CCB00057857C /* refrence.swift in Sources */ = {isa = PBXBuildFile; fileRef = F4BDB9542585CCB00057857C /* refrence.swift */; };
		F4BDB9572585CF180057857C /* Posts.swift in Sources */ = {isa = PBXBuildFile; fileRef = F4BDB9562585CF180057857C /* Posts.swift */; };
/* End PBXBuildFile section */

/* Begin PBXFileReference section */
		98A5756CA16D23A27E95197B /* Pods-Post.release.xcconfig */ = {isa = PBXFileReference; includeInIndex = 1; lastKnownFileType = text.xcconfig; name = "Pods-Post.release.xcconfig"; path = "Target Support Files/Pods-Post/Pods-Post.release.xcconfig"; sourceTree = "<group>"; };
		A17037EA1D49917DBAFAF624 /* Pods-Post.debug.xcconfig */ = {isa = PBXFileReference; includeInIndex = 1; lastKnownFileType = text.xcconfig; name = "Pods-Post.debug.xcconfig"; path = "Target Support Files/Pods-Post/Pods-Post.debug.xcconfig"; sourceTree = "<group>"; };
		D0FD36E8AD700DAAEFFBC5F7 /* Pods_Post.framework */ = {isa = PBXFileReference; explicitFileType = wrapper.framework; includeInIndex = 0; path = Pods_Post.framework; sourceTree = BUILT_PRODUCTS_DIR; };
		F4633174258456CD001B352A /* Post.app */ = {isa = PBXFileReference; explicitFileType = wrapper.application; includeInIndex = 0; path = Post.app; sourceTree = BUILT_PRODUCTS_DIR; };
		F4633177258456CD001B352A /* AppDelegate.swift */ = {isa = PBXFileReference; lastKnownFileType = sourcecode.swift; path = AppDelegate.swift; sourceTree = "<group>"; };
		F4633179258456CD001B352A /* SceneDelegate.swift */ = {isa = PBXFileReference; lastKnownFileType = sourcecode.swift; path = SceneDelegate.swift; sourceTree = "<group>"; };
		F463317B258456CD001B352A /* HomeVc.swift */ = {isa = PBXFileReference; lastKnownFileType = sourcecode.swift; path = HomeVc.swift; sourceTree = "<group>"; };
		F463317E258456CD001B352A /* Base */ = {isa = PBXFileReference; lastKnownFileType = file.storyboard; name = Base; path = Base.lproj/Main.storyboard; sourceTree = "<group>"; };
		F4633180258456DE001B352A /* Assets.xcassets */ = {isa = PBXFileReference; lastKnownFileType = folder.assetcatalog; path = Assets.xcassets; sourceTree = "<group>"; };
		F4633183258456DE001B352A /* Base */ = {isa = PBXFileReference; lastKnownFileType = file.storyboard; name = Base; path = Base.lproj/LaunchScreen.storyboard; sourceTree = "<group>"; };
		F4633185258456DE001B352A /* Info.plist */ = {isa = PBXFileReference; lastKnownFileType = text.plist.xml; path = Info.plist; sourceTree = "<group>"; };
		F463319025845855001B352A /* Createpost.swift */ = {isa = PBXFileReference; lastKnownFileType = sourcecode.swift; path = Createpost.swift; sourceTree = "<group>"; };
		F4BD05BD258582B900A5268B /* GoogleService-Info.plist */ = {isa = PBXFileReference; fileEncoding = 4; lastKnownFileType = text.plist.xml; path = "GoogleService-Info.plist"; sourceTree = "<group>"; };
		F4BD05C0258597D400A5268B /* TableView.swift */ = {isa = PBXFileReference; lastKnownFileType = sourcecode.swift; path = TableView.swift; sourceTree = "<group>"; };
		F4BD05C22585985800A5268B /* customeCell.swift */ = {isa = PBXFileReference; lastKnownFileType = sourcecode.swift; path = customeCell.swift; sourceTree = "<group>"; };
		F4BD05C72585B15D00A5268B /* customeCell.xib */ = {isa = PBXFileReference; fileEncoding = 4; lastKnownFileType = file.xib; path = customeCell.xib; sourceTree = "<group>"; };
		F4BDB9542585CCB00057857C /* refrence.swift */ = {isa = PBXFileReference; lastKnownFileType = sourcecode.swift; path = refrence.swift; sourceTree = "<group>"; };
		F4BDB9562585CF180057857C /* Posts.swift */ = {isa = PBXFileReference; lastKnownFileType = sourcecode.swift; path = Posts.swift; sourceTree = "<group>"; };
/* End PBXFileReference section */

/* Begin PBXFrameworksBuildPhase section */
		F4633171258456CD001B352A /* Frameworks */ = {
			isa = PBXFrameworksBuildPhase;
			buildActionMask = 2147483647;
			files = (
				43A0F07E63155001B70C6403 /* Pods_Post.framework in Frameworks */,
			);
			runOnlyForDeploymentPostprocessing = 0;
		};
/* End PBXFrameworksBuildPhase section */

/* Begin PBXGroup section */
		9E78B6A97F5E04A95B4AD7C3 /* Frameworks */ = {
			isa = PBXGroup;
			children = (
				D0FD36E8AD700DAAEFFBC5F7 /* Pods_Post.framework */,
			);
			name = Frameworks;
			sourceTree = "<group>";
		};
		C95558DF42A83F6A10EF6768 /* Pods */ = {
			isa = PBXGroup;
			children = (
				A17037EA1D49917DBAFAF624 /* Pods-Post.debug.xcconfig */,
				98A5756CA16D23A27E95197B /* Pods-Post.release.xcconfig */,
			);
			path = Pods;
			sourceTree = "<group>";
		};
		F463316B258456CD001B352A = {
			isa = PBXGroup;
			children = (
				F4633176258456CD001B352A /* Post */,
				F4633177258456CD001B352A /* AppDelegate.swift */,
				F4633179258456CD001B352A /* SceneDelegate.swift */,
				F4633175258456CD001B352A /* Products */,
				C95558DF42A83F6A10EF6768 /* Pods */,
				9E78B6A97F5E04A95B4AD7C3 /* Frameworks */,
			);
			sourceTree = "<group>";
		};
		F4633175258456CD001B352A /* Products */ = {
			isa = PBXGroup;
			children = (
				F4633174258456CD001B352A /* Post.app */,
			);
			name = Products;
			sourceTree = "<group>";
		};
		F4633176258456CD001B352A /* Post */ = {
			isa = PBXGroup;
			children = (
				F4633185258456DE001B352A /* Info.plist */,
				F4BD05BD258582B900A5268B /* GoogleService-Info.plist */,
				F4BDB9532585CC8D0057857C /* model */,
				F463318B2584572B001B352A /* Controller */,
				F463318C25845741001B352A /* Views */,
				F463318D25845751001B352A /* Assets */,
			);
			path = Post;
			sourceTree = "<group>";
		};
		F463318B2584572B001B352A /* Controller */ = {
			isa = PBXGroup;
			children = (
				F4BD05BF2585978B00A5268B /* TableViewController */,
				F463317B258456CD001B352A /* HomeVc.swift */,
				F463319025845855001B352A /* Createpost.swift */,
			);
			path = Controller;
			sourceTree = "<group>";
		};
		F463318C25845741001B352A /* Views */ = {
			isa = PBXGroup;
			children = (
				F463317D258456CD001B352A /* Main.storyboard */,
			);
			path = Views;
			sourceTree = "<group>";
		};
		F463318D25845751001B352A /* Assets */ = {
			isa = PBXGroup;
			children = (
				F4633180258456DE001B352A /* Assets.xcassets */,
				F4633182258456DE001B352A /* LaunchScreen.storyboard */,
			);
			path = Assets;
			sourceTree = "<group>";
		};
		F4BD05BF2585978B00A5268B /* TableViewController */ = {
			isa = PBXGroup;
			children = (
				F4BD05C0258597D400A5268B /* TableView.swift */,
				F4BD05C22585985800A5268B /* customeCell.swift */,
				F4BD05C72585B15D00A5268B /* customeCell.xib */,
			);
			path = TableViewController;
			sourceTree = "<group>";
		};
		F4BDB9532585CC8D0057857C /* model */ = {
			isa = PBXGroup;
			children = (
				F4BDB9542585CCB00057857C /* refrence.swift */,
				F4BDB9562585CF180057857C /* Posts.swift */,
			);
			path = model;
			sourceTree = "<group>";
		};
/* End PBXGroup section */

/* Begin PBXNativeTarget section */
		F4633173258456CD001B352A /* Post */ = {
			isa = PBXNativeTarget;
			buildConfigurationList = F4633188258456DE001B352A /* Build configuration list for PBXNativeTarget "Post" */;
			buildPhases = (
				39BBC0A613182F3B504B4B2D /* [CP] Check Pods Manifest.lock */,
				F4633170258456CD001B352A /* Sources */,
				F4633171258456CD001B352A /* Frameworks */,
				F4633172258456CD001B352A /* Resources */,
				5C7CC536A45D70C72C2AC936 /* [CP] Embed Pods Frameworks */,
			);
			buildRules = (
			);
			dependencies = (
			);
			name = Post;
			productName = Post;
			productReference = F4633174258456CD001B352A /* Post.app */;
			productType = "com.apple.product-type.application";
		};
/* End PBXNativeTarget section */

/* Begin PBXProject section */
		F463316C258456CD001B352A /* Project object */ = {
			isa = PBXProject;
			attributes = {
				LastSwiftUpdateCheck = 1100;
				LastUpgradeCheck = 1100;
				ORGANIZATIONNAME = deepo;
				TargetAttributes = {
					F4633173258456CD001B352A = {
						CreatedOnToolsVersion = 11.0;
					};
				};
			};
			buildConfigurationList = F463316F258456CD001B352A /* Build configuration list for PBXProject "Post" */;
			compatibilityVersion = "Xcode 9.3";
			developmentRegion = en;
			hasScannedForEncodings = 0;
			knownRegions = (
				en,
				Base,
			);
			mainGroup = F463316B258456CD001B352A;
			productRefGroup = F4633175258456CD001B352A /* Products */;
			projectDirPath = "";
			projectRoot = "";
			targets = (
				F4633173258456CD001B352A /* Post */,
			);
		};
/* End PBXProject section */

/* Begin PBXResourcesBuildPhase section */
		F4633172258456CD001B352A /* Resources */ = {
			isa = PBXResourcesBuildPhase;
			buildActionMask = 2147483647;
			files = (
				F4633184258456DE001B352A /* LaunchScreen.storyboard in Resources */,
				F4BD05BE258582B900A5268B /* GoogleService-Info.plist in Resources */,
				F4633181258456DE001B352A /* Assets.xcassets in Resources */,
				F463317F258456CD001B352A /* Main.storyboard in Resources */,
				F4BD05C82585B15D00A5268B /* customeCell.xib in Resources */,
			);
			runOnlyForDeploymentPostprocessing = 0;
		};
/* End PBXResourcesBuildPhase section */

/* Begin PBXShellScriptBuildPhase section */
		39BBC0A613182F3B504B4B2D /* [CP] Check Pods Manifest.lock */ = {
			isa = PBXShellScriptBuildPhase;
			buildActionMask = 2147483647;
			files = (
			);
			inputFileListPaths = (
			);
			inputPaths = (
				"${PODS_PODFILE_DIR_PATH}/Podfile.lock",
				"${PODS_ROOT}/Manifest.lock",
			);
			name = "[CP] Check Pods Manifest.lock";
			outputFileListPaths = (
			);
			outputPaths = (
				"$(DERIVED_FILE_DIR)/Pods-Post-checkManifestLockResult.txt",
			);
			runOnlyForDeploymentPostprocessing = 0;
			shellPath = /bin/sh;
			shellScript = "diff \"${PODS_PODFILE_DIR_PATH}/Podfile.lock\" \"${PODS_ROOT}/Manifest.lock\" > /dev/null\nif [ $? != 0 ] ; then\n    # print error to STDERR\n    echo \"error: The sandbox is not in sync with the Podfile.lock. Run 'pod install' or update your CocoaPods installation.\" >&2\n    exit 1\nfi\n# This output is used by Xcode 'outputs' to avoid re-running this script phase.\necho \"SUCCESS\" > \"${SCRIPT_OUTPUT_FILE_0}\"\n";
			showEnvVarsInLog = 0;
		};
		5C7CC536A45D70C72C2AC936 /* [CP] Embed Pods Frameworks */ = {
			isa = PBXShellScriptBuildPhase;
			buildActionMask = 2147483647;
			files = (
			);
			inputFileListPaths = (
				"${PODS_ROOT}/Target Support Files/Pods-Post/Pods-Post-frameworks-${CONFIGURATION}-input-files.xcfilelist",
			);
			name = "[CP] Embed Pods Frameworks";
			outputFileListPaths = (
				"${PODS_ROOT}/Target Support Files/Pods-Post/Pods-Post-frameworks-${CONFIGURATION}-output-files.xcfilelist",
			);
			runOnlyForDeploymentPostprocessing = 0;
			shellPath = /bin/sh;
			shellScript = "\"${PODS_ROOT}/Target Support Files/Pods-Post/Pods-Post-frameworks.sh\"\n";
			showEnvVarsInLog = 0;
		};
/* End PBXShellScriptBuildPhase section */

/* Begin PBXSourcesBuildPhase section */
		F4633170258456CD001B352A /* Sources */ = {
			isa = PBXSourcesBuildPhase;
			buildActionMask = 2147483647;
			files = (
				F4BD05C42585985900A5268B /* customeCell.swift in Sources */,
				F463317C258456CD001B352A /* HomeVc.swift in Sources */,
				F4BD05C1258597D400A5268B /* TableView.swift in Sources */,
				F463319125845855001B352A /* Createpost.swift in Sources */,
				F4633178258456CD001B352A /* AppDelegate.swift in Sources */,
				F463317A258456CD001B352A /* SceneDelegate.swift in Sources */,
				F4BDB9552585CCB00057857C /* refrence.swift in Sources */,
				F4BDB9572585CF180057857C /* Posts.swift in Sources */,
			);
			runOnlyForDeploymentPostprocessing = 0;
		};
/* End PBXSourcesBuildPhase section */

/* Begin PBXVariantGroup section */
		F463317D258456CD001B352A /* Main.storyboard */ = {
			isa = PBXVariantGroup;
			children = (
				F463317E258456CD001B352A /* Base */,
			);
			name = Main.storyboard;
			sourceTree = "<group>";
		};
		F4633182258456DE001B352A /* LaunchScreen.storyboard */ = {
			isa = PBXVariantGroup;
			children = (
				F4633183258456DE001B352A /* Base */,
			);
			name = LaunchScreen.storyboard;
			sourceTree = "<group>";
		};
/* End PBXVariantGroup section */

/* Begin XCBuildConfiguration section */
		F4633186258456DE001B352A /* Debug */ = {
			isa = XCBuildConfiguration;
			buildSettings = {
				ALWAYS_SEARCH_USER_PATHS = NO;
				CLANG_ANALYZER_NONNULL = YES;
				CLANG_ANALYZER_NUMBER_OBJECT_CONVERSION = YES_AGGRESSIVE;
				CLANG_CXX_LANGUAGE_STANDARD = "gnu++14";
				CLANG_CXX_LIBRARY = "libc++";
				CLANG_ENABLE_MODULES = YES;
				CLANG_ENABLE_OBJC_ARC = YES;
				CLANG_ENABLE_OBJC_WEAK = YES;
				CLANG_WARN_BLOCK_CAPTURE_AUTORELEASING = YES;
				CLANG_WARN_BOOL_CONVERSION = YES;
				CLANG_WARN_COMMA = YES;
				CLANG_WARN_CONSTANT_CONVERSION = YES;
				CLANG_WARN_DEPRECATED_OBJC_IMPLEMENTATIONS = YES;
				CLANG_WARN_DIRECT_OBJC_ISA_USAGE = YES_ERROR;
				CLANG_WARN_DOCUMENTATION_COMMENTS = YES;
				CLANG_WARN_EMPTY_BODY = YES;
				CLANG_WARN_ENUM_CONVERSION = YES;
				CLANG_WARN_INFINITE_RECURSION = YES;
				CLANG_WARN_INT_CONVERSION = YES;
				CLANG_WARN_NON_LITERAL_NULL_CONVERSION = YES;
				CLANG_WARN_OBJC_IMPLICIT_RETAIN_SELF = YES;
				CLANG_WARN_OBJC_LITERAL_CONVERSION = YES;
				CLANG_WARN_OBJC_ROOT_CLASS = YES_ERROR;
				CLANG_WARN_RANGE_LOOP_ANALYSIS = YES;
				CLANG_WARN_STRICT_PROTOTYPES = YES;
				CLANG_WARN_SUSPICIOUS_MOVE = YES;
				CLANG_WARN_UNGUARDED_AVAILABILITY = YES_AGGRESSIVE;
				CLANG_WARN_UNREACHABLE_CODE = YES;
				CLANG_WARN__DUPLICATE_METHOD_MATCH = YES;
				COPY_PHASE_STRIP = NO;
				DEBUG_INFORMATION_FORMAT = dwarf;
				ENABLE_STRICT_OBJC_MSGSEND = YES;
				ENABLE_TESTABILITY = YES;
				GCC_C_LANGUAGE_STANDARD = gnu11;
				GCC_DYNAMIC_NO_PIC = NO;
				GCC_NO_COMMON_BLOCKS = YES;
				GCC_OPTIMIZATION_LEVEL = 0;
				GCC_PREPROCESSOR_DEFINITIONS = (
					"DEBUG=1",
					"$(inherited)",
				);
				GCC_WARN_64_TO_32_BIT_CONVERSION = YES;
				GCC_WARN_ABOUT_RETURN_TYPE = YES_ERROR;
				GCC_WARN_UNDECLARED_SELECTOR = YES;
				GCC_WARN_UNINITIALIZED_AUTOS = YES_AGGRESSIVE;
				GCC_WARN_UNUSED_FUNCTION = YES;
				GCC_WARN_UNUSED_VARIABLE = YES;
				IPHONEOS_DEPLOYMENT_TARGET = 13.0;
				MTL_ENABLE_DEBUG_INFO = INCLUDE_SOURCE;
				MTL_FAST_MATH = YES;
				ONLY_ACTIVE_ARCH = YES;
				SDKROOT = iphoneos;
				SWIFT_ACTIVE_COMPILATION_CONDITIONS = DEBUG;
				SWIFT_OPTIMIZATION_LEVEL = "-Onone";
			};
			name = Debug;
		};
		F4633187258456DE001B352A /* Release */ = {
			isa = XCBuildConfiguration;
			buildSettings = {
				ALWAYS_SEARCH_USER_PATHS = NO;
				CLANG_ANALYZER_NONNULL = YES;
				CLANG_ANALYZER_NUMBER_OBJECT_CONVERSION = YES_AGGRESSIVE;
				CLANG_CXX_LANGUAGE_STANDARD = "gnu++14";
				CLANG_CXX_LIBRARY = "libc++";
				CLANG_ENABLE_MODULES = YES;
				CLANG_ENABLE_OBJC_ARC = YES;
				CLANG_ENABLE_OBJC_WEAK = YES;
				CLANG_WARN_BLOCK_CAPTURE_AUTORELEASING = YES;
				CLANG_WARN_BOOL_CONVERSION = YES;
				CLANG_WARN_COMMA = YES;
				CLANG_WARN_CONSTANT_CONVERSION = YES;
				CLANG_WARN_DEPRECATED_OBJC_IMPLEMENTATIONS = YES;
				CLANG_WARN_DIRECT_OBJC_ISA_USAGE = YES_ERROR;
				CLANG_WARN_DOCUMENTATION_COMMENTS = YES;
				CLANG_WARN_EMPTY_BODY = YES;
				CLANG_WARN_ENUM_CONVERSION = YES;
				CLANG_WARN_INFINITE_RECURSION = YES;
				CLANG_WARN_INT_CONVERSION = YES;
				CLANG_WARN_NON_LITERAL_NULL_CONVERSION = YES;
				CLANG_WARN_OBJC_IMPLICIT_RETAIN_SELF = YES;
				CLANG_WARN_OBJC_LITERAL_CONVERSION = YES;
				CLANG_WARN_OBJC_ROOT_CLASS = YES_ERROR;
				CLANG_WARN_RANGE_LOOP_ANALYSIS = YES;
				CLANG_WARN_STRICT_PROTOTYPES = YES;
				CLANG_WARN_SUSPICIOUS_MOVE = YES;
				CLANG_WARN_UNGUARDED_AVAILABILITY = YES_AGGRESSIVE;
				CLANG_WARN_UNREACHABLE_CODE = YES;
				CLANG_WARN__DUPLICATE_METHOD_MATCH = YES;
				COPY_PHASE_STRIP = NO;
				DEBUG_INFORMATION_FORMAT = "dwarf-with-dsym";
				ENABLE_NS_ASSERTIONS = NO;
				ENABLE_STRICT_OBJC_MSGSEND = YES;
				GCC_C_LANGUAGE_STANDARD = gnu11;
				GCC_NO_COMMON_BLOCKS = YES;
				GCC_WARN_64_TO_32_BIT_CONVERSION = YES;
				GCC_WARN_ABOUT_RETURN_TYPE = YES_ERROR;
				GCC_WARN_UNDECLARED_SELECTOR = YES;
				GCC_WARN_UNINITIALIZED_AUTOS = YES_AGGRESSIVE;
				GCC_WARN_UNUSED_FUNCTION = YES;
				GCC_WARN_UNUSED_VARIABLE = YES;
				IPHONEOS_DEPLOYMENT_TARGET = 13.0;
				MTL_ENABLE_DEBUG_INFO = NO;
				MTL_FAST_MATH = YES;
				SDKROOT = iphoneos;
				SWIFT_COMPILATION_MODE = wholemodule;
				SWIFT_OPTIMIZATION_LEVEL = "-O";
				VALIDATE_PRODUCT = YES;
			};
			name = Release;
		};
		F4633189258456DE001B352A /* Debug */ = {
			isa = XCBuildConfiguration;
			baseConfigurationReference = A17037EA1D49917DBAFAF624 /* Pods-Post.debug.xcconfig */;
			buildSettings = {
				ASSETCATALOG_COMPILER_APPICON_NAME = AppIcon;
				CODE_SIGN_STYLE = Automatic;
				INFOPLIST_FILE = Post/Info.plist;
				LD_RUNPATH_SEARCH_PATHS = (
					"$(inherited)",
					"@executable_path/Frameworks",
				);
				PRODUCT_BUNDLE_IDENTIFIER = deepo.com.Post;
				PRODUCT_NAME = "$(TARGET_NAME)";
				SWIFT_VERSION = 5.0;
				TARGETED_DEVICE_FAMILY = "1,2";
			};
			name = Debug;
		};
		F463318A258456DE001B352A /* Release */ = {
			isa = XCBuildConfiguration;
			baseConfigurationReference = 98A5756CA16D23A27E95197B /* Pods-Post.release.xcconfig */;
			buildSettings = {
				ASSETCATALOG_COMPILER_APPICON_NAME = AppIcon;
				CODE_SIGN_STYLE = Automatic;
				INFOPLIST_FILE = Post/Info.plist;
				LD_RUNPATH_SEARCH_PATHS = (
					"$(inherited)",
					"@executable_path/Frameworks",
				);
				PRODUCT_BUNDLE_IDENTIFIER = deepo.com.Post;
				PRODUCT_NAME = "$(TARGET_NAME)";
				SWIFT_VERSION = 5.0;
				TARGETED_DEVICE_FAMILY = "1,2";
			};
			name = Release;
		};
/* End XCBuildConfiguration section */

/* Begin XCConfigurationList section */
		F463316F258456CD001B352A /* Build configuration list for PBXProject "Post" */ = {
			isa = XCConfigurationList;
			buildConfigurations = (
				F4633186258456DE001B352A /* Debug */,
				F4633187258456DE001B352A /* Release */,
			);
			defaultConfigurationIsVisible = 0;
			defaultConfigurationName = Release;
		};
		F4633188258456DE001B352A /* Build configuration list for PBXNativeTarget "Post" */ = {
			isa = XCConfigurationList;
			buildConfigurations = (
				F4633189258456DE001B352A /* Debug */,
				F463318A258456DE001B352A /* Release */,
			);
			defaultConfigurationIsVisible = 0;
			defaultConfigurationName = Release;
		};
/* End XCConfigurationList section */
	};
	rootObject = F463316C258456CD001B352A /* Project object */;
}
